
Microsoft Visual Studio Solution File, Format Version 12.00
# Visual Studio Version 17
VisualStudioVersion = 17.6.33801.468
MinimumVisualStudioVersion = 10.0.40219.1
Project("{2150E333-8FDC-42A3-9474-1A3956D46DE8}") = "Clients", "Clients", "{76088A43-B9DA-4D69-AAB3-5AEA69746689}"
EndProject
Project("{2150E333-8FDC-42A3-9474-1A3956D46DE8}") = "src", "src", "{6D9A2698-DDFA-4A01-95B9-CDD923C6D211}"
EndProject
Project("{2150E333-8FDC-42A3-9474-1A3956D46DE8}") = "Framework", "Framework", "{DC153C30-3D41-49B3-A896-F9D194A14CDC}"
EndProject
Project("{2150E333-8FDC-42A3-9474-1A3956D46DE8}") = "Modules", "Modules", "{BC3B989B-8785-4567-B5FC-6F9285CA08FF}"
EndProject
Project("{2150E333-8FDC-42A3-9474-1A3956D46DE8}") = "Shares", "Shares", "{8F5CE6D0-7472-4C8E-8745-1D6BDF292DFE}"
EndProject
Project("{2150E333-8FDC-42A3-9474-1A3956D46DE8}") = "test", "test", "{2E725299-7B22-4F71-BA3C-4DE99D4211C1}"
EndProject
Project("{9A19103F-16F7-4668-BE54-9A1E7A4F7556}") = "Plum.Core", "src\Framework\Plum.Core\Plum.Core.csproj", "{5BDF243A-A5FC-4F1C-B981-3E08F4FD2DEF}"
EndProject
Project("{9A19103F-16F7-4668-BE54-9A1E7A4F7556}") = "Plum.Data", "src\Framework\Plum.Data\Plum.Data.csproj", "{4B430A37-7A14-4B71-9B58-488F0D9BC94C}"
EndProject
Project("{9A19103F-16F7-4668-BE54-9A1E7A4F7556}") = "Plum.Resources", "src\Framework\Plum.Resources\Plum.Resources.csproj", "{1F7DF754-27D2-4FB2-8E64-E14C3358CDA4}"
EndProject
Project("{9A19103F-16F7-4668-BE54-9A1E7A4F7556}") = "Plum.Windows.Controls", "src\Framework\Plum.Windows.Controls\Plum.Windows.Controls.csproj", "{83AFD117-225D-4889-976C-E8980E4CAA00}"
EndProject
Project("{9A19103F-16F7-4668-BE54-9A1E7A4F7556}") = "Plum.Windows.Core", "src\Framework\Plum.Windows.Core\Plum.Windows.Core.csproj", "{97465B65-C232-450A-9B27-E43C7C7FC044}"
EndProject
Project("{9A19103F-16F7-4668-BE54-9A1E7A4F7556}") = "Plum.Desktop", "src\Clients\Plum.Desktop\Plum.Desktop.csproj", "{CDD310D1-EE8A-4A62-BC14-53C15E01F968}"
EndProject
Project("{9A19103F-16F7-4668-BE54-9A1E7A4F7556}") = "iMedical", "src\Clients\iMedical\iMedical.csproj", "{12991965-EA61-43F3-9139-167CDD33EEFB}"
EndProject
Project("{9A19103F-16F7-4668-BE54-9A1E7A4F7556}") = "Plum.Windows.Apps", "src\Framework\Plum.Windows.Apps\Plum.Windows.Apps.csproj", "{665DFCFE-E6CC-46ED-9FDE-70BF5997AAF0}"
EndProject
Project("{9A19103F-16F7-4668-BE54-9A1E7A4F7556}") = "Plum.Modules.Libraries", "src\Clients\Modules\Plum.Modules.Libraries\Plum.Modules.Libraries.csproj", "{B21E1BD3-2BE7-44AA-B45B-B8E4B794ACFD}"
EndProject
Project("{FAE04EC0-301F-11D3-BF4B-00C04F79EFBC}") = "Plum.Modules.Logs", "src\Clients\Modules\Plum.Modules.Logs\Plum.Modules.Logs.csproj", "{6DF8FCBC-78D7-448E-BD5A-9DDA767F27CF}"
EndProject
Global
	GlobalSection(SolutionConfigurationPlatforms) = preSolution
		Debug|Any CPU = Debug|Any CPU
		Release|Any CPU = Release|Any CPU
	EndGlobalSection
	GlobalSection(ProjectConfigurationPlatforms) = postSolution
		{5BDF243A-A5FC-4F1C-B981-3E08F4FD2DEF}.Debug|Any CPU.ActiveCfg = Debug|Any CPU
		{5BDF243A-A5FC-4F1C-B981-3E08F4FD2DEF}.Debug|Any CPU.Build.0 = Debug|Any CPU
		{5BDF243A-A5FC-4F1C-B981-3E08F4FD2DEF}.Release|Any CPU.ActiveCfg = Release|Any CPU
		{5BDF243A-A5FC-4F1C-B981-3E08F4FD2DEF}.Release|Any CPU.Build.0 = Release|Any CPU
		{4B430A37-7A14-4B71-9B58-488F0D9BC94C}.Debug|Any CPU.ActiveCfg = Debug|Any CPU
		{4B430A37-7A14-4B71-9B58-488F0D9BC94C}.Debug|Any CPU.Build.0 = Debug|Any CPU
		{4B430A37-7A14-4B71-9B58-488F0D9BC94C}.Release|Any CPU.ActiveCfg = Release|Any CPU
		{4B430A37-7A14-4B71-9B58-488F0D9BC94C}.Release|Any CPU.Build.0 = Release|Any CPU
		{1F7DF754-27D2-4FB2-8E64-E14C3358CDA4}.Debug|Any CPU.ActiveCfg = Debug|Any CPU
		{1F7DF754-27D2-4FB2-8E64-E14C3358CDA4}.Debug|Any CPU.Build.0 = Debug|Any CPU
		{1F7DF754-27D2-4FB2-8E64-E14C3358CDA4}.Release|Any CPU.ActiveCfg = Release|Any CPU
		{1F7DF754-27D2-4FB2-8E64-E14C3358CDA4}.Release|Any CPU.Build.0 = Release|Any CPU
		{83AFD117-225D-4889-976C-E8980E4CAA00}.Debug|Any CPU.ActiveCfg = Debug|Any CPU
		{83AFD117-225D-4889-976C-E8980E4CAA00}.Debug|Any CPU.Build.0 = Debug|Any CPU
		{83AFD117-225D-4889-976C-E8980E4CAA00}.Release|Any CPU.ActiveCfg = Release|Any CPU
		{83AFD117-225D-4889-976C-E8980E4CAA00}.Release|Any CPU.Build.0 = Release|Any CPU
		{97465B65-C232-450A-9B27-E43C7C7FC044}.Debug|Any CPU.ActiveCfg = Debug|Any CPU
		{97465B65-C232-450A-9B27-E43C7C7FC044}.Debug|Any CPU.Build.0 = Debug|Any CPU
		{97465B65-C232-450A-9B27-E43C7C7FC044}.Release|Any CPU.ActiveCfg = Release|Any CPU
		{97465B65-C232-450A-9B27-E43C7C7FC044}.Release|Any CPU.Build.0 = Release|Any CPU
		{CDD310D1-EE8A-4A62-BC14-53C15E01F968}.Debug|Any CPU.ActiveCfg = Debug|Any CPU
		{CDD310D1-EE8A-4A62-BC14-53C15E01F968}.Debug|Any CPU.Build.0 = Debug|Any CPU
		{CDD310D1-EE8A-4A62-BC14-53C15E01F968}.Release|Any CPU.ActiveCfg = Release|Any CPU
		{CDD310D1-EE8A-4A62-BC14-53C15E01F968}.Release|Any CPU.Build.0 = Release|Any CPU
		{12991965-EA61-43F3-9139-167CDD33EEFB}.Debug|Any CPU.ActiveCfg = Debug|Any CPU
		{12991965-EA61-43F3-9139-167CDD33EEFB}.Debug|Any CPU.Build.0 = Debug|Any CPU
		{12991965-EA61-43F3-9139-167CDD33EEFB}.Release|Any CPU.ActiveCfg = Release|Any CPU
		{12991965-EA61-43F3-9139-167CDD33EEFB}.Release|Any CPU.Build.0 = Release|Any CPU
		{665DFCFE-E6CC-46ED-9FDE-70BF5997AAF0}.Debug|Any CPU.ActiveCfg = Debug|Any CPU
		{665DFCFE-E6CC-46ED-9FDE-70BF5997AAF0}.Debug|Any CPU.Build.0 = Debug|Any CPU
		{665DFCFE-E6CC-46ED-9FDE-70BF5997AAF0}.Release|Any CPU.ActiveCfg = Release|Any CPU
		{665DFCFE-E6CC-46ED-9FDE-70BF5997AAF0}.Release|Any CPU.Build.0 = Release|Any CPU
		{B21E1BD3-2BE7-44AA-B45B-B8E4B794ACFD}.Debug|Any CPU.ActiveCfg = Debug|Any CPU
		{B21E1BD3-2BE7-44AA-B45B-B8E4B794ACFD}.Debug|Any CPU.Build.0 = Debug|Any CPU
		{B21E1BD3-2BE7-44AA-B45B-B8E4B794ACFD}.Release|Any CPU.ActiveCfg = Release|Any CPU
		{B21E1BD3-2BE7-44AA-B45B-B8E4B794ACFD}.Release|Any CPU.Build.0 = Release|Any CPU
		{6DF8FCBC-78D7-448E-BD5A-9DDA767F27CF}.Debug|Any CPU.ActiveCfg = Debug|Any CPU
		{6DF8FCBC-78D7-448E-BD5A-9DDA767F27CF}.Debug|Any CPU.Build.0 = Debug|Any CPU
		{6DF8FCBC-78D7-448E-BD5A-9DDA767F27CF}.Release|Any CPU.ActiveCfg = Release|Any CPU
		{6DF8FCBC-78D7-448E-BD5A-9DDA767F27CF}.Release|Any CPU.Build.0 = Release|Any CPU
	EndGlobalSection
	GlobalSection(SolutionProperties) = preSolution
		HideSolutionNode = FALSE
	EndGlobalSection
	GlobalSection(NestedProjects) = preSolution
		{76088A43-B9DA-4D69-AAB3-5AEA69746689} = {6D9A2698-DDFA-4A01-95B9-CDD923C6D211}
		{DC153C30-3D41-49B3-A896-F9D194A14CDC} = {6D9A2698-DDFA-4A01-95B9-CDD923C6D211}
		{BC3B989B-8785-4567-B5FC-6F9285CA08FF} = {76088A43-B9DA-4D69-AAB3-5AEA69746689}
		{8F5CE6D0-7472-4C8E-8745-1D6BDF292DFE} = {6D9A2698-DDFA-4A01-95B9-CDD923C6D211}
		{5BDF243A-A5FC-4F1C-B981-3E08F4FD2DEF} = {DC153C30-3D41-49B3-A896-F9D194A14CDC}
		{4B430A37-7A14-4B71-9B58-488F0D9BC94C} = {DC153C30-3D41-49B3-A896-F9D194A14CDC}
		{1F7DF754-27D2-4FB2-8E64-E14C3358CDA4} = {DC153C30-3D41-49B3-A896-F9D194A14CDC}
		{83AFD117-225D-4889-976C-E8980E4CAA00} = {DC153C30-3D41-49B3-A896-F9D194A14CDC}
		{97465B65-C232-450A-9B27-E43C7C7FC044} = {DC153C30-3D41-49B3-A896-F9D194A14CDC}
		{CDD310D1-EE8A-4A62-BC14-53C15E01F968} = {76088A43-B9DA-4D69-AAB3-5AEA69746689}
		{12991965-EA61-43F3-9139-167CDD33EEFB} = {76088A43-B9DA-4D69-AAB3-5AEA69746689}
		{665DFCFE-E6CC-46ED-9FDE-70BF5997AAF0} = {DC153C30-3D41-49B3-A896-F9D194A14CDC}
		{B21E1BD3-2BE7-44AA-B45B-B8E4B794ACFD} = {BC3B989B-8785-4567-B5FC-6F9285CA08FF}
		{6DF8FCBC-78D7-448E-BD5A-9DDA767F27CF} = {BC3B989B-8785-4567-B5FC-6F9285CA08FF}
	EndGlobalSection
	GlobalSection(ExtensibilityGlobals) = postSolution
		SolutionGuid = {4682B54B-4973-4F7E-993D-B62D4FF84265}
	EndGlobalSection
EndGlobal
